
Microsoft Visual Studio Solution File, Format Version 12.00
# Visual Studio Version 16
VisualStudioVersion = 16.0.33130.400
MinimumVisualStudioVersion = 10.0.40219.1
Project("{FAE04EC0-301F-11D3-BF4B-00C04F79EFBC}") = "WpfApp1", "WpfApp1\WpfApp1.csproj", "{459EDE1D-FCD1-4CCD-86C5-6D108EB7AFBE}"
EndProject
Global
	GlobalSection(SolutionConfigurationPlatforms) = preSolution
		Debug|Any CPU = Debug|Any CPU
		Release|Any CPU = Release|Any CPU
	EndGlobalSection
	GlobalSection(ProjectConfigurationPlatforms) = postSolution
		{459EDE1D-FCD1-4CCD-86C5-6D108EB7AFBE}.Debug|Any CPU.ActiveCfg = Debug|Any CPU
		{459EDE1D-FCD1-4CCD-86C5-6D108EB7AFBE}.Debug|Any CPU.Build.0 = Debug|Any CPU
		{459EDE1D-FCD1-4CCD-86C5-6D108EB7AFBE}.Release|Any CPU.ActiveCfg = Release|Any CPU
		{459EDE1D-FCD1-4CCD-86C5-6D108EB7AFBE}.Release|Any CPU.Build.0 = Release|Any CPU
	EndGlobalSection
	GlobalSection(SolutionProperties) = preSolution
		HideSolutionNode = FALSE
	EndGlobalSection
	GlobalSection(ExtensibilityGlobals) = postSolution
		SolutionGuid = {156C086E-AB14-4CF3-A9A7-2029252877D4}
	EndGlobalSection
EndGlobal
